
Microsoft Visual Studio Solution File, Format Version 12.00
# Visual Studio Version 16
VisualStudioVersion = 16.0.31729.503
MinimumVisualStudioVersion = 10.0.40219.1
Project("{FAE04EC0-301F-11D3-BF4B-00C04F79EFBC}") = "WebApp.MVC.FileUploader", "WebApp.MVC.FileUploader\WebApp.MVC.FileUploader.csproj", "{7B2B3E64-63AC-4ADC-A910-7B783281DCB5}"
EndProject
Project("{FAE04EC0-301F-11D3-BF4B-00C04F79EFBC}") = "WebApp.MVC.FileUploader.Tests", "WebApp.MVC.FileUploader.Tests\WebApp.MVC.FileUploader.Tests.csproj", "{2C509916-8CDC-445B-9272-F8F23EB55CF6}"
EndProject
Global
	GlobalSection(SolutionConfigurationPlatforms) = preSolution
		Debug|Any CPU = Debug|Any CPU
		Release|Any CPU = Release|Any CPU
	EndGlobalSection
	GlobalSection(ProjectConfigurationPlatforms) = postSolution
		{7B2B3E64-63AC-4ADC-A910-7B783281DCB5}.Debug|Any CPU.ActiveCfg = Debug|Any CPU
		{7B2B3E64-63AC-4ADC-A910-7B783281DCB5}.Debug|Any CPU.Build.0 = Debug|Any CPU
		{7B2B3E64-63AC-4ADC-A910-7B783281DCB5}.Release|Any CPU.ActiveCfg = Release|Any CPU
		{7B2B3E64-63AC-4ADC-A910-7B783281DCB5}.Release|Any CPU.Build.0 = Release|Any CPU
		{2C509916-8CDC-445B-9272-F8F23EB55CF6}.Debug|Any CPU.ActiveCfg = Debug|Any CPU
		{2C509916-8CDC-445B-9272-F8F23EB55CF6}.Debug|Any CPU.Build.0 = Debug|Any CPU
		{2C509916-8CDC-445B-9272-F8F23EB55CF6}.Release|Any CPU.ActiveCfg = Release|Any CPU
		{2C509916-8CDC-445B-9272-F8F23EB55CF6}.Release|Any CPU.Build.0 = Release|Any CPU
	EndGlobalSection
	GlobalSection(SolutionProperties) = preSolution
		HideSolutionNode = FALSE
	EndGlobalSection
	GlobalSection(ExtensibilityGlobals) = postSolution
		SolutionGuid = {D311A986-E015-4A87-9DC1-FE911A6604A6}
	EndGlobalSection
EndGlobal
